
Microsoft Visual Studio Solution File, Format Version 12.00
# Visual Studio 15
VisualStudioVersion = 15.0.28307.2017
MinimumVisualStudioVersion = 10.0.40219.1
Project("{F184B08F-C81C-45F6-A57F-5ABD9991F28F}") = "Paypal_Payouts_Sandbox", "Paypal_Payouts_Sandbox\Paypal_Payouts_Sandbox.vbproj", "{8BCCF493-6C43-4F9D-BAD1-512115731F79}"
EndProject
Global
	GlobalSection(SolutionConfigurationPlatforms) = preSolution
		Debug|Any CPU = Debug|Any CPU
		Release|Any CPU = Release|Any CPU
	EndGlobalSection
	GlobalSection(ProjectConfigurationPlatforms) = postSolution
		{8BCCF493-6C43-4F9D-BAD1-512115731F79}.Debug|Any CPU.ActiveCfg = Debug|Any CPU
		{8BCCF493-6C43-4F9D-BAD1-512115731F79}.Debug|Any CPU.Build.0 = Debug|Any CPU
		{8BCCF493-6C43-4F9D-BAD1-512115731F79}.Release|Any CPU.ActiveCfg = Release|Any CPU
		{8BCCF493-6C43-4F9D-BAD1-512115731F79}.Release|Any CPU.Build.0 = Release|Any CPU
	EndGlobalSection
	GlobalSection(SolutionProperties) = preSolution
		HideSolutionNode = FALSE
	EndGlobalSection
	GlobalSection(ExtensibilityGlobals) = postSolution
		SolutionGuid = {AC738E1C-5D5D-40A6-AE9E-EF6426DE9470}
	EndGlobalSection
EndGlobal
